// !$*UTF8*$!
{
	archiveVersion = 1;
	classes = {
	};
	objectVersion = 46;
	objects = {

/* Begin PBXAggregateTarget section */
		4292B3E316252344007F1B2C /* all */ = {
			isa = PBXAggregateTarget;
			buildConfigurationList = 4292B3E416252344007F1B2C /* Build configuration list for PBXAggregateTarget "all" */;
			buildPhases = (
			);
			dependencies = (
				4234C448178CEDFA0078BD85 /* PBXTargetDependency */,
				4234C44A178CEDFA0078BD85 /* PBXTargetDependency */,
				4234C44C178CEDFA0078BD85 /* PBXTargetDependency */,
				4234C418178C35DB0078BD85 /* PBXTargetDependency */,
				4234C403178C316A0078BD85 /* PBXTargetDependency */,
				4234C405178C316A0078BD85 /* PBXTargetDependency */,
			);
			name = all;
			productName = all;
		};
/* End PBXAggregateTarget section */

/* Begin PBXBuildFile section */
		3E7708E016F73710005F9459 /* qhfc_bench.cpp in Sources */ = {isa = PBXBuildFile; fileRef = 4220F36915D3510F005750F1 /* qhfc_bench.cpp */; };
		3EB67EF516F8823C00111A41 /* alps_bench.cpp in Sources */ = {isa = PBXBuildFile; fileRef = 3EB67EE916F8803700111A41 /* alps_bench.cpp */; };
		4234C416178C35B50078BD85 /* himalaya_bench.cpp in Sources */ = {isa = PBXBuildFile; fileRef = 4234C406178C31E00078BD85 /* himalaya_bench.cpp */; };
		4234C444178CED690078BD85 /* qhfc_nk.cpp in Sources */ = {isa = PBXBuildFile; fileRef = 4234C443178CED360078BD85 /* qhfc_nk.cpp */; };
		4234C445178CED720078BD85 /* alps_nk.cpp in Sources */ = {isa = PBXBuildFile; fileRef = 4234C441178CED360078BD85 /* alps_nk.cpp */; };
		4234C446178CED800078BD85 /* himalaya_nk.cpp in Sources */ = {isa = PBXBuildFile; fileRef = 4234C442178CED360078BD85 /* himalaya_nk.cpp */; };
		4234C44D178CF0F60078BD85 /* libz.dylib in Frameworks */ = {isa = PBXBuildFile; fileRef = 42DA11981666BB0300F8AFEB /* libz.dylib */; };
		4234C44F178CF0FB0078BD85 /* libea.a in Frameworks */ = {isa = PBXBuildFile; fileRef = 4234C44E178CF0FB0078BD85 /* libea.a */; };
		4234C450178CF10B0078BD85 /* libea.a in Frameworks */ = {isa = PBXBuildFile; fileRef = 4234C44E178CF0FB0078BD85 /* libea.a */; };
		4234C451178CF10B0078BD85 /* libz.dylib in Frameworks */ = {isa = PBXBuildFile; fileRef = 42DA11981666BB0300F8AFEB /* libz.dylib */; };
		4234C452178CF1100078BD85 /* libea.a in Frameworks */ = {isa = PBXBuildFile; fileRef = 4234C44E178CF0FB0078BD85 /* libea.a */; };
		4234C453178CF1100078BD85 /* libz.dylib in Frameworks */ = {isa = PBXBuildFile; fileRef = 42DA11981666BB0300F8AFEB /* libz.dylib */; };
		4234C454178CF1130078BD85 /* libea.a in Frameworks */ = {isa = PBXBuildFile; fileRef = 4234C44E178CF0FB0078BD85 /* libea.a */; };
		4234C455178CF1130078BD85 /* libz.dylib in Frameworks */ = {isa = PBXBuildFile; fileRef = 42DA11981666BB0300F8AFEB /* libz.dylib */; };
		4234C456178CF1160078BD85 /* libea.a in Frameworks */ = {isa = PBXBuildFile; fileRef = 4234C44E178CF0FB0078BD85 /* libea.a */; };
		4234C457178CF1160078BD85 /* libz.dylib in Frameworks */ = {isa = PBXBuildFile; fileRef = 42DA11981666BB0300F8AFEB /* libz.dylib */; };
		4234C458178CF1180078BD85 /* libea.a in Frameworks */ = {isa = PBXBuildFile; fileRef = 4234C44E178CF0FB0078BD85 /* libea.a */; };
		4234C459178CF1180078BD85 /* libz.dylib in Frameworks */ = {isa = PBXBuildFile; fileRef = 42DA11981666BB0300F8AFEB /* libz.dylib */; };
/* End PBXBuildFile section */

/* Begin PBXContainerItemProxy section */
		4234C402178C316A0078BD85 /* PBXContainerItemProxy */ = {
			isa = PBXContainerItemProxy;
			containerPortal = 42A5ABA114C1250A00536B7F /* Project object */;
			proxyType = 1;
			remoteGlobalIDString = 3E7708D616F73701005F9459;
			remoteInfo = hfc;
		};
		4234C404178C316A0078BD85 /* PBXContainerItemProxy */ = {
			isa = PBXContainerItemProxy;
			containerPortal = 42A5ABA114C1250A00536B7F /* Project object */;
			proxyType = 1;
			remoteGlobalIDString = 3EB67EEB16F8821D00111A41;
			remoteInfo = alps;
		};
		4234C417178C35DB0078BD85 /* PBXContainerItemProxy */ = {
			isa = PBXContainerItemProxy;
			containerPortal = 42A5ABA114C1250A00536B7F /* Project object */;
			proxyType = 1;
			remoteGlobalIDString = 4234C40C178C359F0078BD85;
			remoteInfo = himalaya;
		};
		4234C447178CEDFA0078BD85 /* PBXContainerItemProxy */ = {
			isa = PBXContainerItemProxy;
			containerPortal = 42A5ABA114C1250A00536B7F /* Project object */;
			proxyType = 1;
			remoteGlobalIDString = 4234C423178CEC890078BD85;
			remoteInfo = "himalaya-qhfc-nk";
		};
		4234C449178CEDFA0078BD85 /* PBXContainerItemProxy */ = {
			isa = PBXContainerItemProxy;
			containerPortal = 42A5ABA114C1250A00536B7F /* Project object */;
			proxyType = 1;
			remoteGlobalIDString = 4234C42D178CEC990078BD85;
			remoteInfo = "himalaya-alps-nk";
		};
		4234C44B178CEDFA0078BD85 /* PBXContainerItemProxy */ = {
			isa = PBXContainerItemProxy;
			containerPortal = 42A5ABA114C1250A00536B7F /* Project object */;
			proxyType = 1;
			remoteGlobalIDString = 4234C437178CECAD0078BD85;
			remoteInfo = "himalaya-nk";
		};
/* End PBXContainerItemProxy section */

/* Begin PBXCopyFilesBuildPhase section */
		3E7708D516F73701005F9459 /* CopyFiles */ = {
			isa = PBXCopyFilesBuildPhase;
			buildActionMask = 2147483647;
			dstPath = /usr/share/man/man1/;
			dstSubfolderSpec = 0;
			files = (
			);
			runOnlyForDeploymentPostprocessing = 1;
		};
		3EB67EF016F8821D00111A41 /* CopyFiles */ = {
			isa = PBXCopyFilesBuildPhase;
			buildActionMask = 2147483647;
			dstPath = /usr/share/man/man1/;
			dstSubfolderSpec = 0;
			files = (
			);
			runOnlyForDeploymentPostprocessing = 1;
		};
		4234C411178C359F0078BD85 /* CopyFiles */ = {
			isa = PBXCopyFilesBuildPhase;
			buildActionMask = 2147483647;
			dstPath = /usr/share/man/man1/;
			dstSubfolderSpec = 0;
			files = (
			);
			runOnlyForDeploymentPostprocessing = 1;
		};
		4234C428178CEC890078BD85 /* CopyFiles */ = {
			isa = PBXCopyFilesBuildPhase;
			buildActionMask = 2147483647;
			dstPath = /usr/share/man/man1/;
			dstSubfolderSpec = 0;
			files = (
			);
			runOnlyForDeploymentPostprocessing = 1;
		};
		4234C432178CEC990078BD85 /* CopyFiles */ = {
			isa = PBXCopyFilesBuildPhase;
			buildActionMask = 2147483647;
			dstPath = /usr/share/man/man1/;
			dstSubfolderSpec = 0;
			files = (
			);
			runOnlyForDeploymentPostprocessing = 1;
		};
		4234C43C178CECAD0078BD85 /* CopyFiles */ = {
			isa = PBXCopyFilesBuildPhase;
			buildActionMask = 2147483647;
			dstPath = /usr/share/man/man1/;
			dstSubfolderSpec = 0;
			files = (
			);
			runOnlyForDeploymentPostprocessing = 1;
		};
/* End PBXCopyFilesBuildPhase section */

/* Begin PBXFileReference section */
		3E7708D716F73701005F9459 /* himalaya-qhfc-bench */ = {isa = PBXFileReference; explicitFileType = "compiled.mach-o.executable"; includeInIndex = 0; path = "himalaya-qhfc-bench"; sourceTree = BUILT_PRODUCTS_DIR; };
		3EB67EE916F8803700111A41 /* alps_bench.cpp */ = {isa = PBXFileReference; lastKnownFileType = sourcecode.cpp.cpp; path = alps_bench.cpp; sourceTree = "<group>"; };
		3EB67EF416F8821D00111A41 /* himalaya-alps-bench */ = {isa = PBXFileReference; explicitFileType = "compiled.mach-o.executable"; includeInIndex = 0; path = "himalaya-alps-bench"; sourceTree = BUILT_PRODUCTS_DIR; };
		4220F36915D3510F005750F1 /* qhfc_bench.cpp */ = {isa = PBXFileReference; fileEncoding = 4; lastKnownFileType = sourcecode.cpp.cpp; path = qhfc_bench.cpp; sourceTree = "<group>"; };
		4220F37015D49FE8005750F1 /* hfc.cfg */ = {isa = PBXFileReference; lastKnownFileType = text; path = hfc.cfg; sourceTree = "<group>"; };
		4234C406178C31E00078BD85 /* himalaya_bench.cpp */ = {isa = PBXFileReference; lastKnownFileType = sourcecode.cpp.cpp; path = himalaya_bench.cpp; sourceTree = "<group>"; };
		4234C408178C32080078BD85 /* himalaya.h */ = {isa = PBXFileReference; lastKnownFileType = sourcecode.c.h; path = himalaya.h; sourceTree = "<group>"; };
		4234C415178C359F0078BD85 /* himalaya-bench */ = {isa = PBXFileReference; explicitFileType = "compiled.mach-o.executable"; includeInIndex = 0; path = "himalaya-bench"; sourceTree = BUILT_PRODUCTS_DIR; };
		4234C419178C3E2A0078BD85 /* himalaya.cfg */ = {isa = PBXFileReference; lastKnownFileType = text; path = himalaya.cfg; sourceTree = "<group>"; };
		4234C42C178CEC890078BD85 /* himalaya-qhfc-nk */ = {isa = PBXFileReference; explicitFileType = "compiled.mach-o.executable"; includeInIndex = 0; path = "himalaya-qhfc-nk"; sourceTree = BUILT_PRODUCTS_DIR; };
		4234C436178CEC990078BD85 /* himalaya-alps-nk */ = {isa = PBXFileReference; explicitFileType = "compiled.mach-o.executable"; includeInIndex = 0; path = "himalaya-alps-nk"; sourceTree = BUILT_PRODUCTS_DIR; };
		4234C440178CECAD0078BD85 /* himalaya-nk */ = {isa = PBXFileReference; explicitFileType = "compiled.mach-o.executable"; includeInIndex = 0; path = "himalaya-nk"; sourceTree = BUILT_PRODUCTS_DIR; };
		4234C441178CED360078BD85 /* alps_nk.cpp */ = {isa = PBXFileReference; lastKnownFileType = sourcecode.cpp.cpp; path = alps_nk.cpp; sourceTree = "<group>"; };
		4234C442178CED360078BD85 /* himalaya_nk.cpp */ = {isa = PBXFileReference; lastKnownFileType = sourcecode.cpp.cpp; path = himalaya_nk.cpp; sourceTree = "<group>"; };
		4234C443178CED360078BD85 /* qhfc_nk.cpp */ = {isa = PBXFileReference; lastKnownFileType = sourcecode.cpp.cpp; path = qhfc_nk.cpp; sourceTree = "<group>"; };
		4234C44E178CF0FB0078BD85 /* libea.a */ = {isa = PBXFileReference; lastKnownFileType = archive.ar; name = libea.a; path = ../DerivedData/research/Build/Products/Debug/libea.a; sourceTree = "<group>"; };
		426D350F14EFD1180051BB50 /* himalaya.xcconfig */ = {isa = PBXFileReference; lastKnownFileType = text.xcconfig; path = himalaya.xcconfig; sourceTree = "<group>"; };
		4292B4131625242E007F1B2C /* alps.cfg */ = {isa = PBXFileReference; lastKnownFileType = text; path = alps.cfg; sourceTree = "<group>"; };
		42DA11981666BB0300F8AFEB /* libz.dylib */ = {isa = PBXFileReference; lastKnownFileType = "compiled.mach-o.dylib"; name = libz.dylib; path = usr/lib/libz.dylib; sourceTree = SDKROOT; };
		42E1C575152734EE009ECDCC /* Jamroot */ = {isa = PBXFileReference; lastKnownFileType = text; path = Jamroot; sourceTree = "<group>"; };
/* End PBXFileReference section */

/* Begin PBXFrameworksBuildPhase section */
		3E7708D416F73701005F9459 /* Frameworks */ = {
			isa = PBXFrameworksBuildPhase;
			buildActionMask = 2147483647;
			files = (
				4234C44F178CF0FB0078BD85 /* libea.a in Frameworks */,
				4234C44D178CF0F60078BD85 /* libz.dylib in Frameworks */,
			);
			runOnlyForDeploymentPostprocessing = 0;
		};
		3EB67EEE16F8821D00111A41 /* Frameworks */ = {
			isa = PBXFrameworksBuildPhase;
			buildActionMask = 2147483647;
			files = (
				4234C452178CF1100078BD85 /* libea.a in Frameworks */,
				4234C453178CF1100078BD85 /* libz.dylib in Frameworks */,
			);
			runOnlyForDeploymentPostprocessing = 0;
		};
		4234C40F178C359F0078BD85 /* Frameworks */ = {
			isa = PBXFrameworksBuildPhase;
			buildActionMask = 2147483647;
			files = (
				4234C456178CF1160078BD85 /* libea.a in Frameworks */,
				4234C457178CF1160078BD85 /* libz.dylib in Frameworks */,
			);
			runOnlyForDeploymentPostprocessing = 0;
		};
		4234C426178CEC890078BD85 /* Frameworks */ = {
			isa = PBXFrameworksBuildPhase;
			buildActionMask = 2147483647;
			files = (
				4234C450178CF10B0078BD85 /* libea.a in Frameworks */,
				4234C451178CF10B0078BD85 /* libz.dylib in Frameworks */,
			);
			runOnlyForDeploymentPostprocessing = 0;
		};
		4234C430178CEC990078BD85 /* Frameworks */ = {
			isa = PBXFrameworksBuildPhase;
			buildActionMask = 2147483647;
			files = (
				4234C454178CF1130078BD85 /* libea.a in Frameworks */,
				4234C455178CF1130078BD85 /* libz.dylib in Frameworks */,
			);
			runOnlyForDeploymentPostprocessing = 0;
		};
		4234C43A178CECAD0078BD85 /* Frameworks */ = {
			isa = PBXFrameworksBuildPhase;
			buildActionMask = 2147483647;
			files = (
				4234C458178CF1180078BD85 /* libea.a in Frameworks */,
				4234C459178CF1180078BD85 /* libz.dylib in Frameworks */,
			);
			runOnlyForDeploymentPostprocessing = 0;
		};
/* End PBXFrameworksBuildPhase section */

/* Begin PBXGroup section */
		426D350D14EFCFA20051BB50 /* lib */ = {
			isa = PBXGroup;
			children = (
				4234C44E178CF0FB0078BD85 /* libea.a */,
				42DA11981666BB0300F8AFEB /* libz.dylib */,
			);
			name = lib;
			sourceTree = "<group>";
		};
		426D350E14EFD1180051BB50 /* etc */ = {
			isa = PBXGroup;
			children = (
				426D350F14EFD1180051BB50 /* himalaya.xcconfig */,
				4234C419178C3E2A0078BD85 /* himalaya.cfg */,
				4220F37015D49FE8005750F1 /* hfc.cfg */,
				4292B4131625242E007F1B2C /* alps.cfg */,
			);
			path = etc;
			sourceTree = "<group>";
		};
		42841D1115B24F5C00AB18BE /* src */ = {
			isa = PBXGroup;
			children = (
				3EB67EE916F8803700111A41 /* alps_bench.cpp */,
				4234C441178CED360078BD85 /* alps_nk.cpp */,
				4234C408178C32080078BD85 /* himalaya.h */,
				4234C406178C31E00078BD85 /* himalaya_bench.cpp */,
				4234C442178CED360078BD85 /* himalaya_nk.cpp */,
				4220F36915D3510F005750F1 /* qhfc_bench.cpp */,
				4234C443178CED360078BD85 /* qhfc_nk.cpp */,
			);
			path = src;
			sourceTree = "<group>";
		};
		42A5AB9F14C1250A00536B7F = {
			isa = PBXGroup;
			children = (
				42E1C575152734EE009ECDCC /* Jamroot */,
				426D350E14EFD1180051BB50 /* etc */,
				426D350D14EFCFA20051BB50 /* lib */,
				42841D1115B24F5C00AB18BE /* src */,
				42A5ABAB14C1250A00536B7F /* Products */,
			);
			sourceTree = "<group>";
		};
		42A5ABAB14C1250A00536B7F /* Products */ = {
			isa = PBXGroup;
			children = (
				3E7708D716F73701005F9459 /* himalaya-qhfc-bench */,
				3EB67EF416F8821D00111A41 /* himalaya-alps-bench */,
				4234C415178C359F0078BD85 /* himalaya-bench */,
				4234C42C178CEC890078BD85 /* himalaya-qhfc-nk */,
				4234C436178CEC990078BD85 /* himalaya-alps-nk */,
				4234C440178CECAD0078BD85 /* himalaya-nk */,
			);
			name = Products;
			sourceTree = "<group>";
		};
/* End PBXGroup section */

/* Begin PBXNativeTarget section */
		3E7708D616F73701005F9459 /* himalaya-qhfc-bench */ = {
			isa = PBXNativeTarget;
			buildConfigurationList = 3E7708DD16F73701005F9459 /* Build configuration list for PBXNativeTarget "himalaya-qhfc-bench" */;
			buildPhases = (
				3E7708D316F73701005F9459 /* Sources */,
				3E7708D416F73701005F9459 /* Frameworks */,
				3E7708D516F73701005F9459 /* CopyFiles */,
			);
			buildRules = (
			);
			dependencies = (
			);
			name = "himalaya-qhfc-bench";
			productName = hfc;
			productReference = 3E7708D716F73701005F9459 /* himalaya-qhfc-bench */;
			productType = "com.apple.product-type.tool";
		};
		3EB67EEB16F8821D00111A41 /* himalaya-alps-bench */ = {
			isa = PBXNativeTarget;
			buildConfigurationList = 3EB67EF116F8821D00111A41 /* Build configuration list for PBXNativeTarget "himalaya-alps-bench" */;
			buildPhases = (
				3EB67EEC16F8821D00111A41 /* Sources */,
				3EB67EEE16F8821D00111A41 /* Frameworks */,
				3EB67EF016F8821D00111A41 /* CopyFiles */,
			);
			buildRules = (
			);
			dependencies = (
			);
			name = "himalaya-alps-bench";
			productName = hfc;
			productReference = 3EB67EF416F8821D00111A41 /* himalaya-alps-bench */;
			productType = "com.apple.product-type.tool";
		};
		4234C40C178C359F0078BD85 /* himalaya-bench */ = {
			isa = PBXNativeTarget;
			buildConfigurationList = 4234C412178C359F0078BD85 /* Build configuration list for PBXNativeTarget "himalaya-bench" */;
			buildPhases = (
				4234C40D178C359F0078BD85 /* Sources */,
				4234C40F178C359F0078BD85 /* Frameworks */,
				4234C411178C359F0078BD85 /* CopyFiles */,
			);
			buildRules = (
			);
			dependencies = (
			);
			name = "himalaya-bench";
			productName = hfc;
			productReference = 4234C415178C359F0078BD85 /* himalaya-bench */;
			productType = "com.apple.product-type.tool";
		};
		4234C423178CEC890078BD85 /* himalaya-qhfc-nk */ = {
			isa = PBXNativeTarget;
			buildConfigurationList = 4234C429178CEC890078BD85 /* Build configuration list for PBXNativeTarget "himalaya-qhfc-nk" */;
			buildPhases = (
				4234C424178CEC890078BD85 /* Sources */,
				4234C426178CEC890078BD85 /* Frameworks */,
				4234C428178CEC890078BD85 /* CopyFiles */,
			);
			buildRules = (
			);
			dependencies = (
			);
			name = "himalaya-qhfc-nk";
			productName = hfc;
			productReference = 4234C42C178CEC890078BD85 /* himalaya-qhfc-nk */;
			productType = "com.apple.product-type.tool";
		};
		4234C42D178CEC990078BD85 /* himalaya-alps-nk */ = {
			isa = PBXNativeTarget;
			buildConfigurationList = 4234C433178CEC990078BD85 /* Build configuration list for PBXNativeTarget "himalaya-alps-nk" */;
			buildPhases = (
				4234C42E178CEC990078BD85 /* Sources */,
				4234C430178CEC990078BD85 /* Frameworks */,
				4234C432178CEC990078BD85 /* CopyFiles */,
			);
			buildRules = (
			);
			dependencies = (
			);
			name = "himalaya-alps-nk";
			productName = hfc;
			productReference = 4234C436178CEC990078BD85 /* himalaya-alps-nk */;
			productType = "com.apple.product-type.tool";
		};
		4234C437178CECAD0078BD85 /* himalaya-nk */ = {
			isa = PBXNativeTarget;
			buildConfigurationList = 4234C43D178CECAD0078BD85 /* Build configuration list for PBXNativeTarget "himalaya-nk" */;
			buildPhases = (
				4234C438178CECAD0078BD85 /* Sources */,
				4234C43A178CECAD0078BD85 /* Frameworks */,
				4234C43C178CECAD0078BD85 /* CopyFiles */,
			);
			buildRules = (
			);
			dependencies = (
			);
			name = "himalaya-nk";
			productName = hfc;
			productReference = 4234C440178CECAD0078BD85 /* himalaya-nk */;
			productType = "com.apple.product-type.tool";
		};
/* End PBXNativeTarget section */

/* Begin PBXProject section */
		42A5ABA114C1250A00536B7F /* Project object */ = {
			isa = PBXProject;
			attributes = {
				LastUpgradeCheck = 0460;
				ORGANIZATIONNAME = "Michigan State University";
			};
			buildConfigurationList = 42A5ABA414C1250A00536B7F /* Build configuration list for PBXProject "himalaya" */;
			compatibilityVersion = "Xcode 3.2";
			developmentRegion = English;
			hasScannedForEncodings = 0;
			knownRegions = (
				en,
			);
			mainGroup = 42A5AB9F14C1250A00536B7F;
			productRefGroup = 42A5ABAB14C1250A00536B7F /* Products */;
			projectDirPath = "";
			projectRoot = "";
			targets = (
				4292B3E316252344007F1B2C /* all */,
				3E7708D616F73701005F9459 /* himalaya-qhfc-bench */,
				4234C423178CEC890078BD85 /* himalaya-qhfc-nk */,
				3EB67EEB16F8821D00111A41 /* himalaya-alps-bench */,
				4234C42D178CEC990078BD85 /* himalaya-alps-nk */,
				4234C40C178C359F0078BD85 /* himalaya-bench */,
				4234C437178CECAD0078BD85 /* himalaya-nk */,
			);
		};
/* End PBXProject section */

/* Begin PBXSourcesBuildPhase section */
		3E7708D316F73701005F9459 /* Sources */ = {
			isa = PBXSourcesBuildPhase;
			buildActionMask = 2147483647;
			files = (
				3E7708E016F73710005F9459 /* qhfc_bench.cpp in Sources */,
			);
			runOnlyForDeploymentPostprocessing = 0;
		};
		3EB67EEC16F8821D00111A41 /* Sources */ = {
			isa = PBXSourcesBuildPhase;
			buildActionMask = 2147483647;
			files = (
				3EB67EF516F8823C00111A41 /* alps_bench.cpp in Sources */,
			);
			runOnlyForDeploymentPostprocessing = 0;
		};
		4234C40D178C359F0078BD85 /* Sources */ = {
			isa = PBXSourcesBuildPhase;
			buildActionMask = 2147483647;
			files = (
				4234C416178C35B50078BD85 /* himalaya_bench.cpp in Sources */,
			);
			runOnlyForDeploymentPostprocessing = 0;
		};
		4234C424178CEC890078BD85 /* Sources */ = {
			isa = PBXSourcesBuildPhase;
			buildActionMask = 2147483647;
			files = (
				4234C444178CED690078BD85 /* qhfc_nk.cpp in Sources */,
			);
			runOnlyForDeploymentPostprocessing = 0;
		};
		4234C42E178CEC990078BD85 /* Sources */ = {
			isa = PBXSourcesBuildPhase;
			buildActionMask = 2147483647;
			files = (
				4234C445178CED720078BD85 /* alps_nk.cpp in Sources */,
			);
			runOnlyForDeploymentPostprocessing = 0;
		};
		4234C438178CECAD0078BD85 /* Sources */ = {
			isa = PBXSourcesBuildPhase;
			buildActionMask = 2147483647;
			files = (
				4234C446178CED800078BD85 /* himalaya_nk.cpp in Sources */,
			);
			runOnlyForDeploymentPostprocessing = 0;
		};
/* End PBXSourcesBuildPhase section */

/* Begin PBXTargetDependency section */
		4234C403178C316A0078BD85 /* PBXTargetDependency */ = {
			isa = PBXTargetDependency;
			target = 3E7708D616F73701005F9459 /* himalaya-qhfc-bench */;
			targetProxy = 4234C402178C316A0078BD85 /* PBXContainerItemProxy */;
		};
		4234C405178C316A0078BD85 /* PBXTargetDependency */ = {
			isa = PBXTargetDependency;
			target = 3EB67EEB16F8821D00111A41 /* himalaya-alps-bench */;
			targetProxy = 4234C404178C316A0078BD85 /* PBXContainerItemProxy */;
		};
		4234C418178C35DB0078BD85 /* PBXTargetDependency */ = {
			isa = PBXTargetDependency;
			target = 4234C40C178C359F0078BD85 /* himalaya-bench */;
			targetProxy = 4234C417178C35DB0078BD85 /* PBXContainerItemProxy */;
		};
		4234C448178CEDFA0078BD85 /* PBXTargetDependency */ = {
			isa = PBXTargetDependency;
			target = 4234C423178CEC890078BD85 /* himalaya-qhfc-nk */;
			targetProxy = 4234C447178CEDFA0078BD85 /* PBXContainerItemProxy */;
		};
		4234C44A178CEDFA0078BD85 /* PBXTargetDependency */ = {
			isa = PBXTargetDependency;
			target = 4234C42D178CEC990078BD85 /* himalaya-alps-nk */;
			targetProxy = 4234C449178CEDFA0078BD85 /* PBXContainerItemProxy */;
		};
		4234C44C178CEDFA0078BD85 /* PBXTargetDependency */ = {
			isa = PBXTargetDependency;
			target = 4234C437178CECAD0078BD85 /* himalaya-nk */;
			targetProxy = 4234C44B178CEDFA0078BD85 /* PBXContainerItemProxy */;
		};
/* End PBXTargetDependency section */

/* Begin XCBuildConfiguration section */
		3E7708DE16F73701005F9459 /* Debug */ = {
			isa = XCBuildConfiguration;
			buildSettings = {
				CLANG_ENABLE_OBJC_ARC = YES;
				CLANG_WARN__DUPLICATE_METHOD_MATCH = YES;
				LIBRARY_SEARCH_PATHS = (
					"$(inherited)",
					"\"$(SRCROOT)/../DerivedData/research/Build/Products/Debug\"",
				);
				MACOSX_DEPLOYMENT_TARGET = 10.8;
				PRODUCT_NAME = "$(TARGET_NAME)";
			};
			name = Debug;
		};
		3E7708DF16F73701005F9459 /* Release */ = {
			isa = XCBuildConfiguration;
			buildSettings = {
				CLANG_ENABLE_OBJC_ARC = YES;
				CLANG_WARN__DUPLICATE_METHOD_MATCH = YES;
				LIBRARY_SEARCH_PATHS = (
					"$(inherited)",
					"\"$(SRCROOT)/../DerivedData/research/Build/Products/Debug\"",
				);
				MACOSX_DEPLOYMENT_TARGET = 10.8;
				PRODUCT_NAME = "$(TARGET_NAME)";
			};
			name = Release;
		};
		3EB67EF216F8821D00111A41 /* Debug */ = {
			isa = XCBuildConfiguration;
			buildSettings = {
				CLANG_ENABLE_OBJC_ARC = YES;
				CLANG_WARN__DUPLICATE_METHOD_MATCH = YES;
				LIBRARY_SEARCH_PATHS = (
					"$(inherited)",
					"\"$(SRCROOT)/../DerivedData/research/Build/Products/Debug\"",
				);
				MACOSX_DEPLOYMENT_TARGET = 10.8;
				PRODUCT_NAME = $TARGET_NAME;
			};
			name = Debug;
		};
		3EB67EF316F8821D00111A41 /* Release */ = {
			isa = XCBuildConfiguration;
			buildSettings = {
				CLANG_ENABLE_OBJC_ARC = YES;
				CLANG_WARN__DUPLICATE_METHOD_MATCH = YES;
				LIBRARY_SEARCH_PATHS = (
					"$(inherited)",
					"\"$(SRCROOT)/../DerivedData/research/Build/Products/Debug\"",
				);
				MACOSX_DEPLOYMENT_TARGET = 10.8;
				PRODUCT_NAME = $TARGET_NAME;
			};
			name = Release;
		};
		4234C413178C359F0078BD85 /* Debug */ = {
			isa = XCBuildConfiguration;
			buildSettings = {
				CLANG_ENABLE_OBJC_ARC = YES;
				CLANG_WARN__DUPLICATE_METHOD_MATCH = YES;
				LIBRARY_SEARCH_PATHS = (
					"$(inherited)",
					"\"$(SRCROOT)/../DerivedData/research/Build/Products/Debug\"",
				);
				MACOSX_DEPLOYMENT_TARGET = 10.8;
				PRODUCT_NAME = $TARGET_NAME;
			};
			name = Debug;
		};
		4234C414178C359F0078BD85 /* Release */ = {
			isa = XCBuildConfiguration;
			buildSettings = {
				CLANG_ENABLE_OBJC_ARC = YES;
				CLANG_WARN__DUPLICATE_METHOD_MATCH = YES;
				LIBRARY_SEARCH_PATHS = (
					"$(inherited)",
					"\"$(SRCROOT)/../DerivedData/research/Build/Products/Debug\"",
				);
				MACOSX_DEPLOYMENT_TARGET = 10.8;
				PRODUCT_NAME = $TARGET_NAME;
			};
			name = Release;
		};
		4234C42A178CEC890078BD85 /* Debug */ = {
			isa = XCBuildConfiguration;
			buildSettings = {
				CLANG_ENABLE_OBJC_ARC = YES;
				CLANG_WARN__DUPLICATE_METHOD_MATCH = YES;
				LIBRARY_SEARCH_PATHS = (
					"$(inherited)",
					"\"$(SRCROOT)/../DerivedData/research/Build/Products/Debug\"",
				);
				MACOSX_DEPLOYMENT_TARGET = 10.8;
				PRODUCT_NAME = $TARGET_NAME;
			};
			name = Debug;
		};
		4234C42B178CEC890078BD85 /* Release */ = {
			isa = XCBuildConfiguration;
			buildSettings = {
				CLANG_ENABLE_OBJC_ARC = YES;
				CLANG_WARN__DUPLICATE_METHOD_MATCH = YES;
				LIBRARY_SEARCH_PATHS = (
					"$(inherited)",
					"\"$(SRCROOT)/../DerivedData/research/Build/Products/Debug\"",
				);
				MACOSX_DEPLOYMENT_TARGET = 10.8;
				PRODUCT_NAME = $TARGET_NAME;
			};
			name = Release;
		};
		4234C434178CEC990078BD85 /* Debug */ = {
			isa = XCBuildConfiguration;
			buildSettings = {
				CLANG_ENABLE_OBJC_ARC = YES;
				CLANG_WARN__DUPLICATE_METHOD_MATCH = YES;
				LIBRARY_SEARCH_PATHS = (
					"$(inherited)",
					"\"$(SRCROOT)/../DerivedData/research/Build/Products/Debug\"",
				);
				MACOSX_DEPLOYMENT_TARGET = 10.8;
				PRODUCT_NAME = $TARGET_NAME;
			};
			name = Debug;
		};
		4234C435178CEC990078BD85 /* Release */ = {
			isa = XCBuildConfiguration;
			buildSettings = {
				CLANG_ENABLE_OBJC_ARC = YES;
				CLANG_WARN__DUPLICATE_METHOD_MATCH = YES;
				LIBRARY_SEARCH_PATHS = (
					"$(inherited)",
					"\"$(SRCROOT)/../DerivedData/research/Build/Products/Debug\"",
				);
				MACOSX_DEPLOYMENT_TARGET = 10.8;
				PRODUCT_NAME = $TARGET_NAME;
			};
			name = Release;
		};
		4234C43E178CECAD0078BD85 /* Debug */ = {
			isa = XCBuildConfiguration;
			buildSettings = {
				CLANG_ENABLE_OBJC_ARC = YES;
				CLANG_WARN__DUPLICATE_METHOD_MATCH = YES;
				LIBRARY_SEARCH_PATHS = (
					"$(inherited)",
					"\"$(SRCROOT)/../DerivedData/research/Build/Products/Debug\"",
				);
				MACOSX_DEPLOYMENT_TARGET = 10.8;
				PRODUCT_NAME = $TARGET_NAME;
			};
			name = Debug;
		};
		4234C43F178CECAD0078BD85 /* Release */ = {
			isa = XCBuildConfiguration;
			buildSettings = {
				CLANG_ENABLE_OBJC_ARC = YES;
				CLANG_WARN__DUPLICATE_METHOD_MATCH = YES;
				LIBRARY_SEARCH_PATHS = (
					"$(inherited)",
					"\"$(SRCROOT)/../DerivedData/research/Build/Products/Debug\"",
				);
				MACOSX_DEPLOYMENT_TARGET = 10.8;
				PRODUCT_NAME = $TARGET_NAME;
			};
			name = Release;
		};
		4292B3E516252344007F1B2C /* Debug */ = {
			isa = XCBuildConfiguration;
			buildSettings = {
				COMBINE_HIDPI_IMAGES = YES;
				PRODUCT_NAME = "$(TARGET_NAME)";
			};
			name = Debug;
		};
		4292B3E616252344007F1B2C /* Release */ = {
			isa = XCBuildConfiguration;
			buildSettings = {
				COMBINE_HIDPI_IMAGES = YES;
				PRODUCT_NAME = "$(TARGET_NAME)";
			};
			name = Release;
		};
		42A5ABB214C1250A00536B7F /* Debug */ = {
			isa = XCBuildConfiguration;
			baseConfigurationReference = 426D350F14EFD1180051BB50 /* himalaya.xcconfig */;
			buildSettings = {
				ALWAYS_SEARCH_USER_PATHS = NO;
				ARCHS = "$(ARCHS_STANDARD_64_BIT)";
				CLANG_WARN__DUPLICATE_METHOD_MATCH = YES;
				COPY_PHASE_STRIP = NO;
				GCC_DYNAMIC_NO_PIC = NO;
				GCC_ENABLE_OBJC_EXCEPTIONS = YES;
				GCC_OPTIMIZATION_LEVEL = 0;
				GCC_PREPROCESSOR_DEFINITIONS = (
					"DEBUG=1",
					"$(inherited)",
				);
				GCC_VERSION = com.apple.compilers.llvm.clang.1_0;
				ONLY_ACTIVE_ARCH = YES;
				SDKROOT = macosx;
			};
			name = Debug;
		};
		42A5ABB314C1250A00536B7F /* Release */ = {
			isa = XCBuildConfiguration;
			baseConfigurationReference = 426D350F14EFD1180051BB50 /* himalaya.xcconfig */;
			buildSettings = {
				ALWAYS_SEARCH_USER_PATHS = NO;
				ARCHS = "$(ARCHS_STANDARD_64_BIT)";
				CLANG_WARN__DUPLICATE_METHOD_MATCH = YES;
				COPY_PHASE_STRIP = YES;
				DEBUG_INFORMATION_FORMAT = "dwarf-with-dsym";
				GCC_ENABLE_OBJC_EXCEPTIONS = YES;
				GCC_VERSION = com.apple.compilers.llvm.clang.1_0;
				SDKROOT = macosx;
			};
			name = Release;
		};
/* End XCBuildConfiguration section */

/* Begin XCConfigurationList section */
		3E7708DD16F73701005F9459 /* Build configuration list for PBXNativeTarget "himalaya-qhfc-bench" */ = {
			isa = XCConfigurationList;
			buildConfigurations = (
				3E7708DE16F73701005F9459 /* Debug */,
				3E7708DF16F73701005F9459 /* Release */,
			);
			defaultConfigurationIsVisible = 0;
			defaultConfigurationName = Release;
		};
		3EB67EF116F8821D00111A41 /* Build configuration list for PBXNativeTarget "himalaya-alps-bench" */ = {
			isa = XCConfigurationList;
			buildConfigurations = (
				3EB67EF216F8821D00111A41 /* Debug */,
				3EB67EF316F8821D00111A41 /* Release */,
			);
			defaultConfigurationIsVisible = 0;
			defaultConfigurationName = Release;
		};
		4234C412178C359F0078BD85 /* Build configuration list for PBXNativeTarget "himalaya-bench" */ = {
			isa = XCConfigurationList;
			buildConfigurations = (
				4234C413178C359F0078BD85 /* Debug */,
				4234C414178C359F0078BD85 /* Release */,
			);
			defaultConfigurationIsVisible = 0;
			defaultConfigurationName = Release;
		};
		4234C429178CEC890078BD85 /* Build configuration list for PBXNativeTarget "himalaya-qhfc-nk" */ = {
			isa = XCConfigurationList;
			buildConfigurations = (
				4234C42A178CEC890078BD85 /* Debug */,
				4234C42B178CEC890078BD85 /* Release */,
			);
			defaultConfigurationIsVisible = 0;
			defaultConfigurationName = Release;
		};
		4234C433178CEC990078BD85 /* Build configuration list for PBXNativeTarget "himalaya-alps-nk" */ = {
			isa = XCConfigurationList;
			buildConfigurations = (
				4234C434178CEC990078BD85 /* Debug */,
				4234C435178CEC990078BD85 /* Release */,
			);
			defaultConfigurationIsVisible = 0;
			defaultConfigurationName = Release;
		};
		4234C43D178CECAD0078BD85 /* Build configuration list for PBXNativeTarget "himalaya-nk" */ = {
			isa = XCConfigurationList;
			buildConfigurations = (
				4234C43E178CECAD0078BD85 /* Debug */,
				4234C43F178CECAD0078BD85 /* Release */,
			);
			defaultConfigurationIsVisible = 0;
			defaultConfigurationName = Release;
		};
		4292B3E416252344007F1B2C /* Build configuration list for PBXAggregateTarget "all" */ = {
			isa = XCConfigurationList;
			buildConfigurations = (
				4292B3E516252344007F1B2C /* Debug */,
				4292B3E616252344007F1B2C /* Release */,
			);
			defaultConfigurationIsVisible = 0;
			defaultConfigurationName = Release;
		};
		42A5ABA414C1250A00536B7F /* Build configuration list for PBXProject "himalaya" */ = {
			isa = XCConfigurationList;
			buildConfigurations = (
				42A5ABB214C1250A00536B7F /* Debug */,
				42A5ABB314C1250A00536B7F /* Release */,
			);
			defaultConfigurationIsVisible = 0;
			defaultConfigurationName = Release;
		};
/* End XCConfigurationList section */
	};
	rootObject = 42A5ABA114C1250A00536B7F /* Project object */;
}
